
Microsoft Visual Studio Solution File, Format Version 12.00
# Visual Studio Version 16
VisualStudioVersion = 16.0.30204.135
MinimumVisualStudioVersion = 10.0.40219.1
Project("{FAE04EC0-301F-11D3-BF4B-00C04F79EFBC}") = "WindowsService1", "WindowsService1\WindowsService1.csproj", "{95398B2E-B0AC-48DD-A7E6-E1E3B3706143}"
EndProject
Global
	GlobalSection(SolutionConfigurationPlatforms) = preSolution
		Debug|Any CPU = Debug|Any CPU
		Release|Any CPU = Release|Any CPU
	EndGlobalSection
	GlobalSection(ProjectConfigurationPlatforms) = postSolution
		{95398B2E-B0AC-48DD-A7E6-E1E3B3706143}.Debug|Any CPU.ActiveCfg = Debug|Any CPU
		{95398B2E-B0AC-48DD-A7E6-E1E3B3706143}.Debug|Any CPU.Build.0 = Debug|Any CPU
		{95398B2E-B0AC-48DD-A7E6-E1E3B3706143}.Release|Any CPU.ActiveCfg = Release|Any CPU
		{95398B2E-B0AC-48DD-A7E6-E1E3B3706143}.Release|Any CPU.Build.0 = Release|Any CPU
	EndGlobalSection
	GlobalSection(SolutionProperties) = preSolution
		HideSolutionNode = FALSE
	EndGlobalSection
	GlobalSection(ExtensibilityGlobals) = postSolution
		SolutionGuid = {D5F512FE-28E0-46E9-9CD5-C55D71ABD4CE}
	EndGlobalSection
EndGlobal
