
Microsoft Visual Studio Solution File, Format Version 12.00
# Visual Studio 15
VisualStudioVersion = 15.0.26730.16
MinimumVisualStudioVersion = 10.0.40219.1
Project("{FAE04EC0-301F-11D3-BF4B-00C04F79EFBC}") = "MnistBackpropNetwork", "MnistBackpropNetwork\MnistBackpropNetwork.csproj", "{7A6828ED-7771-4BE9-8CB8-98BC843C8040}"
EndProject
Project("{FAE04EC0-301F-11D3-BF4B-00C04F79EFBC}") = "NeuralNetworkLibrary", "NeuralNetworkLibrary\NeuralNetworkLibrary.csproj", "{110F26CA-0140-4BE3-8EA0-667C020F13DC}"
EndProject
Global
	GlobalSection(SolutionConfigurationPlatforms) = preSolution
		Debug|Any CPU = Debug|Any CPU
		Debug|x64 = Debug|x64
		Release|Any CPU = Release|Any CPU
		Release|x64 = Release|x64
	EndGlobalSection
	GlobalSection(ProjectConfigurationPlatforms) = postSolution
		{7A6828ED-7771-4BE9-8CB8-98BC843C8040}.Debug|Any CPU.ActiveCfg = Debug|Any CPU
		{7A6828ED-7771-4BE9-8CB8-98BC843C8040}.Debug|Any CPU.Build.0 = Debug|Any CPU
		{7A6828ED-7771-4BE9-8CB8-98BC843C8040}.Debug|x64.ActiveCfg = Debug|x64
		{7A6828ED-7771-4BE9-8CB8-98BC843C8040}.Debug|x64.Build.0 = Debug|x64
		{7A6828ED-7771-4BE9-8CB8-98BC843C8040}.Release|Any CPU.ActiveCfg = Release|Any CPU
		{7A6828ED-7771-4BE9-8CB8-98BC843C8040}.Release|Any CPU.Build.0 = Release|Any CPU
		{7A6828ED-7771-4BE9-8CB8-98BC843C8040}.Release|x64.ActiveCfg = Release|x64
		{7A6828ED-7771-4BE9-8CB8-98BC843C8040}.Release|x64.Build.0 = Release|x64
		{110F26CA-0140-4BE3-8EA0-667C020F13DC}.Debug|Any CPU.ActiveCfg = Debug|Any CPU
		{110F26CA-0140-4BE3-8EA0-667C020F13DC}.Debug|Any CPU.Build.0 = Debug|Any CPU
		{110F26CA-0140-4BE3-8EA0-667C020F13DC}.Debug|x64.ActiveCfg = Debug|x64
		{110F26CA-0140-4BE3-8EA0-667C020F13DC}.Debug|x64.Build.0 = Debug|x64
		{110F26CA-0140-4BE3-8EA0-667C020F13DC}.Release|Any CPU.ActiveCfg = Release|Any CPU
		{110F26CA-0140-4BE3-8EA0-667C020F13DC}.Release|Any CPU.Build.0 = Release|Any CPU
		{110F26CA-0140-4BE3-8EA0-667C020F13DC}.Release|x64.ActiveCfg = Release|x64
		{110F26CA-0140-4BE3-8EA0-667C020F13DC}.Release|x64.Build.0 = Release|x64
	EndGlobalSection
	GlobalSection(SolutionProperties) = preSolution
		HideSolutionNode = FALSE
	EndGlobalSection
	GlobalSection(ExtensibilityGlobals) = postSolution
		SolutionGuid = {7C9730B7-D27B-4C41-8914-60F654B658E7}
	EndGlobalSection
EndGlobal
