
Microsoft Visual Studio Solution File, Format Version 12.00
# Visual Studio 15
VisualStudioVersion = 15.0.28307.136
MinimumVisualStudioVersion = 10.0.40219.1
Project("{9A19103F-16F7-4668-BE54-9A1E7A4F7556}") = "TicTacToe", "TicTacToe\TicTacToe.csproj", "{F2A63A72-6A86-4393-A564-A2DB208BEE8F}"
EndProject
Global
	GlobalSection(SolutionConfigurationPlatforms) = preSolution
		Debug|Any CPU = Debug|Any CPU
		Release|Any CPU = Release|Any CPU
	EndGlobalSection
	GlobalSection(ProjectConfigurationPlatforms) = postSolution
		{F2A63A72-6A86-4393-A564-A2DB208BEE8F}.Debug|Any CPU.ActiveCfg = Debug|Any CPU
		{F2A63A72-6A86-4393-A564-A2DB208BEE8F}.Debug|Any CPU.Build.0 = Debug|Any CPU
		{F2A63A72-6A86-4393-A564-A2DB208BEE8F}.Release|Any CPU.ActiveCfg = Release|Any CPU
		{F2A63A72-6A86-4393-A564-A2DB208BEE8F}.Release|Any CPU.Build.0 = Release|Any CPU
	EndGlobalSection
	GlobalSection(SolutionProperties) = preSolution
		HideSolutionNode = FALSE
	EndGlobalSection
	GlobalSection(ExtensibilityGlobals) = postSolution
		SolutionGuid = {D2A5D349-48A9-4155-BB49-95CDA46E9D6D}
	EndGlobalSection
EndGlobal
