
Microsoft Visual Studio Solution File, Format Version 12.00
# Visual Studio 15
VisualStudioVersion = 15.0.28307.421
MinimumVisualStudioVersion = 10.0.40219.1
Project("{9A19103F-16F7-4668-BE54-9A1E7A4F7556}") = "GoogleCalendarTest", "GoogleCalendarTest.csproj", "{CDD807FD-CDFC-4FB6-A1D2-B4713C9F6EF7}"
EndProject
Global
	GlobalSection(SolutionConfigurationPlatforms) = preSolution
		Debug|Any CPU = Debug|Any CPU
		Release|Any CPU = Release|Any CPU
	EndGlobalSection
	GlobalSection(ProjectConfigurationPlatforms) = postSolution
		{CDD807FD-CDFC-4FB6-A1D2-B4713C9F6EF7}.Debug|Any CPU.ActiveCfg = Debug|Any CPU
		{CDD807FD-CDFC-4FB6-A1D2-B4713C9F6EF7}.Debug|Any CPU.Build.0 = Debug|Any CPU
		{CDD807FD-CDFC-4FB6-A1D2-B4713C9F6EF7}.Release|Any CPU.ActiveCfg = Release|Any CPU
		{CDD807FD-CDFC-4FB6-A1D2-B4713C9F6EF7}.Release|Any CPU.Build.0 = Release|Any CPU
	EndGlobalSection
	GlobalSection(SolutionProperties) = preSolution
		HideSolutionNode = FALSE
	EndGlobalSection
	GlobalSection(ExtensibilityGlobals) = postSolution
		SolutionGuid = {2B677CB9-3333-411E-8510-41E34E12FDEA}
	EndGlobalSection
EndGlobal
