
Microsoft Visual Studio Solution File, Format Version 12.00
# Visual Studio 15
VisualStudioVersion = 15.0.28307.421
MinimumVisualStudioVersion = 10.0.40219.1
Project("{9A19103F-16F7-4668-BE54-9A1E7A4F7556}") = "Dijkstra", "Dijkstra.csproj", "{6211A935-6D58-4264-A85B-DDF7BF7559FA}"
EndProject
Global
	GlobalSection(SolutionConfigurationPlatforms) = preSolution
		Debug|Any CPU = Debug|Any CPU
		Release|Any CPU = Release|Any CPU
	EndGlobalSection
	GlobalSection(ProjectConfigurationPlatforms) = postSolution
		{6211A935-6D58-4264-A85B-DDF7BF7559FA}.Debug|Any CPU.ActiveCfg = Debug|Any CPU
		{6211A935-6D58-4264-A85B-DDF7BF7559FA}.Debug|Any CPU.Build.0 = Debug|Any CPU
		{6211A935-6D58-4264-A85B-DDF7BF7559FA}.Release|Any CPU.ActiveCfg = Release|Any CPU
		{6211A935-6D58-4264-A85B-DDF7BF7559FA}.Release|Any CPU.Build.0 = Release|Any CPU
	EndGlobalSection
	GlobalSection(SolutionProperties) = preSolution
		HideSolutionNode = FALSE
	EndGlobalSection
	GlobalSection(ExtensibilityGlobals) = postSolution
		SolutionGuid = {DA290A60-50F8-4108-8ACB-3F7AFB7CFB84}
	EndGlobalSection
EndGlobal
