
Microsoft Visual Studio Solution File, Format Version 12.00
# Visual Studio 15
VisualStudioVersion = 15.0.26730.16
MinimumVisualStudioVersion = 10.0.40219.1
Project("{FAE04EC0-301F-11D3-BF4B-00C04F79EFBC}") = "TCPServer", "TCPServer\TCPServer.csproj", "{3AF93D18-04F9-462E-A267-C552E373BF3D}"
EndProject
Project("{FAE04EC0-301F-11D3-BF4B-00C04F79EFBC}") = "TCPClient", "TCPClient\TCPClient.csproj", "{9387848D-B61C-4F88-B7BC-B098C1823B0A}"
EndProject
Global
	GlobalSection(SolutionConfigurationPlatforms) = preSolution
		Debug|Any CPU = Debug|Any CPU
		Release|Any CPU = Release|Any CPU
	EndGlobalSection
	GlobalSection(ProjectConfigurationPlatforms) = postSolution
		{3AF93D18-04F9-462E-A267-C552E373BF3D}.Debug|Any CPU.ActiveCfg = Debug|Any CPU
		{3AF93D18-04F9-462E-A267-C552E373BF3D}.Debug|Any CPU.Build.0 = Debug|Any CPU
		{3AF93D18-04F9-462E-A267-C552E373BF3D}.Release|Any CPU.ActiveCfg = Release|Any CPU
		{3AF93D18-04F9-462E-A267-C552E373BF3D}.Release|Any CPU.Build.0 = Release|Any CPU
		{9387848D-B61C-4F88-B7BC-B098C1823B0A}.Debug|Any CPU.ActiveCfg = Debug|Any CPU
		{9387848D-B61C-4F88-B7BC-B098C1823B0A}.Debug|Any CPU.Build.0 = Debug|Any CPU
		{9387848D-B61C-4F88-B7BC-B098C1823B0A}.Release|Any CPU.ActiveCfg = Release|Any CPU
		{9387848D-B61C-4F88-B7BC-B098C1823B0A}.Release|Any CPU.Build.0 = Release|Any CPU
	EndGlobalSection
	GlobalSection(SolutionProperties) = preSolution
		HideSolutionNode = FALSE
	EndGlobalSection
	GlobalSection(ExtensibilityGlobals) = postSolution
		SolutionGuid = {08316B85-1ECB-4EE4-A68D-DED8048BF104}
	EndGlobalSection
EndGlobal
