
Microsoft Visual Studio Solution File, Format Version 12.00
# Visual Studio 15
VisualStudioVersion = 15.0.28307.421
MinimumVisualStudioVersion = 10.0.40219.1
Project("{FAE04EC0-301F-11D3-BF4B-00C04F79EFBC}") = "WindowsFormsApp", "WindowsFormsApp\WindowsFormsApp.csproj", "{DC3EC6C2-0E67-4ED0-ADC4-A6018C2CC8DA}"
EndProject
Global
	GlobalSection(SolutionConfigurationPlatforms) = preSolution
		Debug|Any CPU = Debug|Any CPU
		Release|Any CPU = Release|Any CPU
	EndGlobalSection
	GlobalSection(ProjectConfigurationPlatforms) = postSolution
		{DC3EC6C2-0E67-4ED0-ADC4-A6018C2CC8DA}.Debug|Any CPU.ActiveCfg = Debug|Any CPU
		{DC3EC6C2-0E67-4ED0-ADC4-A6018C2CC8DA}.Debug|Any CPU.Build.0 = Debug|Any CPU
		{DC3EC6C2-0E67-4ED0-ADC4-A6018C2CC8DA}.Release|Any CPU.ActiveCfg = Release|Any CPU
		{DC3EC6C2-0E67-4ED0-ADC4-A6018C2CC8DA}.Release|Any CPU.Build.0 = Release|Any CPU
	EndGlobalSection
	GlobalSection(SolutionProperties) = preSolution
		HideSolutionNode = FALSE
	EndGlobalSection
	GlobalSection(ExtensibilityGlobals) = postSolution
		SolutionGuid = {43B48A21-1B66-4ED4-B7C2-111D4708DA1A}
	EndGlobalSection
EndGlobal
