
Microsoft Visual Studio Solution File, Format Version 12.00
# Visual Studio Version 16
VisualStudioVersion = 16.0.30611.23
MinimumVisualStudioVersion = 10.0.40219.1
Project("{FAE04EC0-301F-11D3-BF4B-00C04F79EFBC}") = "QRXamarinTest.Android", "QRXamarinTest\QRXamarinTest.Android\QRXamarinTest.Android.csproj", "{66180FD8-7555-48AD-873F-89639694370C}"
EndProject
Project("{FAE04EC0-301F-11D3-BF4B-00C04F79EFBC}") = "QRXamarinTest.iOS", "QRXamarinTest\QRXamarinTest.iOS\QRXamarinTest.iOS.csproj", "{6DEC9257-4527-4131-8B1A-DCB3B2F4FD27}"
EndProject
Project("{FAE04EC0-301F-11D3-BF4B-00C04F79EFBC}") = "QRXamarinTest", "QRXamarinTest\QRXamarinTest\QRXamarinTest.csproj", "{687609A9-88AD-4C5E-9670-EC5D8CA10743}"
EndProject
Global
	GlobalSection(SolutionConfigurationPlatforms) = preSolution
		Debug|Any CPU = Debug|Any CPU
		Debug|iPhone = Debug|iPhone
		Debug|iPhoneSimulator = Debug|iPhoneSimulator
		Release|Any CPU = Release|Any CPU
		Release|iPhone = Release|iPhone
		Release|iPhoneSimulator = Release|iPhoneSimulator
	EndGlobalSection
	GlobalSection(ProjectConfigurationPlatforms) = postSolution
		{66180FD8-7555-48AD-873F-89639694370C}.Debug|Any CPU.ActiveCfg = Debug|Any CPU
		{66180FD8-7555-48AD-873F-89639694370C}.Debug|Any CPU.Build.0 = Debug|Any CPU
		{66180FD8-7555-48AD-873F-89639694370C}.Debug|Any CPU.Deploy.0 = Debug|Any CPU
		{66180FD8-7555-48AD-873F-89639694370C}.Debug|iPhone.ActiveCfg = Debug|Any CPU
		{66180FD8-7555-48AD-873F-89639694370C}.Debug|iPhone.Build.0 = Debug|Any CPU
		{66180FD8-7555-48AD-873F-89639694370C}.Debug|iPhone.Deploy.0 = Debug|Any CPU
		{66180FD8-7555-48AD-873F-89639694370C}.Debug|iPhoneSimulator.ActiveCfg = Debug|Any CPU
		{66180FD8-7555-48AD-873F-89639694370C}.Debug|iPhoneSimulator.Build.0 = Debug|Any CPU
		{66180FD8-7555-48AD-873F-89639694370C}.Debug|iPhoneSimulator.Deploy.0 = Debug|Any CPU
		{66180FD8-7555-48AD-873F-89639694370C}.Release|Any CPU.ActiveCfg = Release|Any CPU
		{66180FD8-7555-48AD-873F-89639694370C}.Release|Any CPU.Build.0 = Release|Any CPU
		{66180FD8-7555-48AD-873F-89639694370C}.Release|Any CPU.Deploy.0 = Release|Any CPU
		{66180FD8-7555-48AD-873F-89639694370C}.Release|iPhone.ActiveCfg = Release|Any CPU
		{66180FD8-7555-48AD-873F-89639694370C}.Release|iPhone.Build.0 = Release|Any CPU
		{66180FD8-7555-48AD-873F-89639694370C}.Release|iPhone.Deploy.0 = Release|Any CPU
		{66180FD8-7555-48AD-873F-89639694370C}.Release|iPhoneSimulator.ActiveCfg = Release|Any CPU
		{66180FD8-7555-48AD-873F-89639694370C}.Release|iPhoneSimulator.Build.0 = Release|Any CPU
		{66180FD8-7555-48AD-873F-89639694370C}.Release|iPhoneSimulator.Deploy.0 = Release|Any CPU
		{6DEC9257-4527-4131-8B1A-DCB3B2F4FD27}.Debug|Any CPU.ActiveCfg = Debug|iPhone
		{6DEC9257-4527-4131-8B1A-DCB3B2F4FD27}.Debug|Any CPU.Build.0 = Debug|iPhone
		{6DEC9257-4527-4131-8B1A-DCB3B2F4FD27}.Debug|Any CPU.Deploy.0 = Debug|iPhone
		{6DEC9257-4527-4131-8B1A-DCB3B2F4FD27}.Debug|iPhone.ActiveCfg = Debug|iPhone
		{6DEC9257-4527-4131-8B1A-DCB3B2F4FD27}.Debug|iPhone.Build.0 = Debug|iPhone
		{6DEC9257-4527-4131-8B1A-DCB3B2F4FD27}.Debug|iPhone.Deploy.0 = Debug|iPhone
		{6DEC9257-4527-4131-8B1A-DCB3B2F4FD27}.Debug|iPhoneSimulator.ActiveCfg = Debug|iPhoneSimulator
		{6DEC9257-4527-4131-8B1A-DCB3B2F4FD27}.Debug|iPhoneSimulator.Build.0 = Debug|iPhoneSimulator
		{6DEC9257-4527-4131-8B1A-DCB3B2F4FD27}.Debug|iPhoneSimulator.Deploy.0 = Debug|iPhoneSimulator
		{6DEC9257-4527-4131-8B1A-DCB3B2F4FD27}.Release|Any CPU.ActiveCfg = Release|iPhoneSimulator
		{6DEC9257-4527-4131-8B1A-DCB3B2F4FD27}.Release|Any CPU.Build.0 = Release|iPhoneSimulator
		{6DEC9257-4527-4131-8B1A-DCB3B2F4FD27}.Release|Any CPU.Deploy.0 = Release|iPhoneSimulator
		{6DEC9257-4527-4131-8B1A-DCB3B2F4FD27}.Release|iPhone.ActiveCfg = Release|iPhone
		{6DEC9257-4527-4131-8B1A-DCB3B2F4FD27}.Release|iPhone.Build.0 = Release|iPhone
		{6DEC9257-4527-4131-8B1A-DCB3B2F4FD27}.Release|iPhone.Deploy.0 = Release|iPhone
		{6DEC9257-4527-4131-8B1A-DCB3B2F4FD27}.Release|iPhoneSimulator.ActiveCfg = Release|iPhoneSimulator
		{6DEC9257-4527-4131-8B1A-DCB3B2F4FD27}.Release|iPhoneSimulator.Build.0 = Release|iPhoneSimulator
		{6DEC9257-4527-4131-8B1A-DCB3B2F4FD27}.Release|iPhoneSimulator.Deploy.0 = Release|iPhoneSimulator
		{687609A9-88AD-4C5E-9670-EC5D8CA10743}.Debug|Any CPU.ActiveCfg = Debug|Any CPU
		{687609A9-88AD-4C5E-9670-EC5D8CA10743}.Debug|Any CPU.Build.0 = Debug|Any CPU
		{687609A9-88AD-4C5E-9670-EC5D8CA10743}.Debug|Any CPU.Deploy.0 = Debug|Any CPU
		{687609A9-88AD-4C5E-9670-EC5D8CA10743}.Debug|iPhone.ActiveCfg = Debug|Any CPU
		{687609A9-88AD-4C5E-9670-EC5D8CA10743}.Debug|iPhone.Build.0 = Debug|Any CPU
		{687609A9-88AD-4C5E-9670-EC5D8CA10743}.Debug|iPhone.Deploy.0 = Debug|Any CPU
		{687609A9-88AD-4C5E-9670-EC5D8CA10743}.Debug|iPhoneSimulator.ActiveCfg = Debug|Any CPU
		{687609A9-88AD-4C5E-9670-EC5D8CA10743}.Debug|iPhoneSimulator.Build.0 = Debug|Any CPU
		{687609A9-88AD-4C5E-9670-EC5D8CA10743}.Debug|iPhoneSimulator.Deploy.0 = Debug|Any CPU
		{687609A9-88AD-4C5E-9670-EC5D8CA10743}.Release|Any CPU.ActiveCfg = Release|Any CPU
		{687609A9-88AD-4C5E-9670-EC5D8CA10743}.Release|Any CPU.Build.0 = Release|Any CPU
		{687609A9-88AD-4C5E-9670-EC5D8CA10743}.Release|Any CPU.Deploy.0 = Release|Any CPU
		{687609A9-88AD-4C5E-9670-EC5D8CA10743}.Release|iPhone.ActiveCfg = Release|Any CPU
		{687609A9-88AD-4C5E-9670-EC5D8CA10743}.Release|iPhone.Build.0 = Release|Any CPU
		{687609A9-88AD-4C5E-9670-EC5D8CA10743}.Release|iPhone.Deploy.0 = Release|Any CPU
		{687609A9-88AD-4C5E-9670-EC5D8CA10743}.Release|iPhoneSimulator.ActiveCfg = Release|Any CPU
		{687609A9-88AD-4C5E-9670-EC5D8CA10743}.Release|iPhoneSimulator.Build.0 = Release|Any CPU
		{687609A9-88AD-4C5E-9670-EC5D8CA10743}.Release|iPhoneSimulator.Deploy.0 = Release|Any CPU
	EndGlobalSection
	GlobalSection(SolutionProperties) = preSolution
		HideSolutionNode = FALSE
	EndGlobalSection
	GlobalSection(ExtensibilityGlobals) = postSolution
		SolutionGuid = {5209592D-7CA8-4BB1-B77B-A00F80B41908}
	EndGlobalSection
EndGlobal
