
Microsoft Visual Studio Solution File, Format Version 12.00
# Visual Studio Version 16
VisualStudioVersion = 16.0.30011.22
MinimumVisualStudioVersion = 10.0.40219.1
Project("{8BC9CEB8-8B4A-11D0-8D11-00A0C91BC942}") = "Injector", "Injector\Injector.vcxproj", "{38ED6478-2F81-498E-88B1-B5F28C72BA82}"
EndProject
Project("{8BC9CEB8-8B4A-11D0-8D11-00A0C91BC942}") = "DllMsg", "DllMsg\DllMsg.vcxproj", "{2437D79D-8B7E-45CF-BD09-49333125A517}"
EndProject
Project("{8BC9CEB8-8B4A-11D0-8D11-00A0C91BC942}") = "DllHide", "DllHide\DllHide.vcxproj", "{8B480A5E-4A63-4546-B26C-F9CF9472929C}"
EndProject
Project("{8BC9CEB8-8B4A-11D0-8D11-00A0C91BC942}") = "InjectorLib", "InjectorLib\InjectorLib.vcxproj", "{9D7235CC-E56F-4D78-B9DF-DE677F68DF04}"
EndProject
Project("{8BC9CEB8-8B4A-11D0-8D11-00A0C91BC942}") = "InjectorUI", "InjectorUI\InjectorUI.vcxproj", "{9B661EF2-984E-41B9-A0AA-7F73F4931B12}"
EndProject
Project("{8BC9CEB8-8B4A-11D0-8D11-00A0C91BC942}") = "InjectorDll", "InjectorDll\InjectorDll.vcxproj", "{20CAD2D5-3737-42F9-850B-A93A4AE8AF4E}"
EndProject
Project("{9A19103F-16F7-4668-BE54-9A1E7A4F7556}") = "InjectorNetCoreConsole", "InjectorNetCoreConsole\InjectorNetCoreConsole.csproj", "{0A2FC020-F433-4013-9F62-F86311BAE582}"
EndProject
Project("{8BC9CEB8-8B4A-11D0-8D11-00A0C91BC942}") = "DllHost", "DllHost\DllHost.vcxproj", "{6B54EE5C-E955-445A-AB88-64D7B5CCEBC1}"
EndProject
Project("{9A19103F-16F7-4668-BE54-9A1E7A4F7556}") = "ManagedAssembly", "ManagedAssembly\ManagedAssembly.csproj", "{EE283EFB-607B-492B-89B9-418F62E04F87}"
EndProject
Global
	GlobalSection(SolutionConfigurationPlatforms) = preSolution
		Debug|Any CPU = Debug|Any CPU
		Debug|x64 = Debug|x64
		Debug|x86 = Debug|x86
		Release|Any CPU = Release|Any CPU
		Release|x64 = Release|x64
		Release|x86 = Release|x86
	EndGlobalSection
	GlobalSection(ProjectConfigurationPlatforms) = postSolution
		{38ED6478-2F81-498E-88B1-B5F28C72BA82}.Debug|Any CPU.ActiveCfg = Debug|Win32
		{38ED6478-2F81-498E-88B1-B5F28C72BA82}.Debug|x64.ActiveCfg = Debug|x64
		{38ED6478-2F81-498E-88B1-B5F28C72BA82}.Debug|x64.Build.0 = Debug|x64
		{38ED6478-2F81-498E-88B1-B5F28C72BA82}.Debug|x86.ActiveCfg = Debug|Win32
		{38ED6478-2F81-498E-88B1-B5F28C72BA82}.Debug|x86.Build.0 = Debug|Win32
		{38ED6478-2F81-498E-88B1-B5F28C72BA82}.Release|Any CPU.ActiveCfg = Release|Win32
		{38ED6478-2F81-498E-88B1-B5F28C72BA82}.Release|x64.ActiveCfg = Release|x64
		{38ED6478-2F81-498E-88B1-B5F28C72BA82}.Release|x64.Build.0 = Release|x64
		{38ED6478-2F81-498E-88B1-B5F28C72BA82}.Release|x86.ActiveCfg = Release|Win32
		{38ED6478-2F81-498E-88B1-B5F28C72BA82}.Release|x86.Build.0 = Release|Win32
		{2437D79D-8B7E-45CF-BD09-49333125A517}.Debug|Any CPU.ActiveCfg = Debug|Win32
		{2437D79D-8B7E-45CF-BD09-49333125A517}.Debug|x64.ActiveCfg = Debug|x64
		{2437D79D-8B7E-45CF-BD09-49333125A517}.Debug|x64.Build.0 = Debug|x64
		{2437D79D-8B7E-45CF-BD09-49333125A517}.Debug|x86.ActiveCfg = Debug|Win32
		{2437D79D-8B7E-45CF-BD09-49333125A517}.Debug|x86.Build.0 = Debug|Win32
		{2437D79D-8B7E-45CF-BD09-49333125A517}.Release|Any CPU.ActiveCfg = Release|Win32
		{2437D79D-8B7E-45CF-BD09-49333125A517}.Release|x64.ActiveCfg = Release|x64
		{2437D79D-8B7E-45CF-BD09-49333125A517}.Release|x64.Build.0 = Release|x64
		{2437D79D-8B7E-45CF-BD09-49333125A517}.Release|x86.ActiveCfg = Release|Win32
		{2437D79D-8B7E-45CF-BD09-49333125A517}.Release|x86.Build.0 = Release|Win32
		{8B480A5E-4A63-4546-B26C-F9CF9472929C}.Debug|Any CPU.ActiveCfg = Debug|Win32
		{8B480A5E-4A63-4546-B26C-F9CF9472929C}.Debug|x64.ActiveCfg = Debug|x64
		{8B480A5E-4A63-4546-B26C-F9CF9472929C}.Debug|x64.Build.0 = Debug|x64
		{8B480A5E-4A63-4546-B26C-F9CF9472929C}.Debug|x86.ActiveCfg = Debug|Win32
		{8B480A5E-4A63-4546-B26C-F9CF9472929C}.Debug|x86.Build.0 = Debug|Win32
		{8B480A5E-4A63-4546-B26C-F9CF9472929C}.Release|Any CPU.ActiveCfg = Release|Win32
		{8B480A5E-4A63-4546-B26C-F9CF9472929C}.Release|x64.ActiveCfg = Release|x64
		{8B480A5E-4A63-4546-B26C-F9CF9472929C}.Release|x64.Build.0 = Release|x64
		{8B480A5E-4A63-4546-B26C-F9CF9472929C}.Release|x86.ActiveCfg = Release|Win32
		{8B480A5E-4A63-4546-B26C-F9CF9472929C}.Release|x86.Build.0 = Release|Win32
		{9D7235CC-E56F-4D78-B9DF-DE677F68DF04}.Debug|Any CPU.ActiveCfg = Debug|Win32
		{9D7235CC-E56F-4D78-B9DF-DE677F68DF04}.Debug|x64.ActiveCfg = Debug|x64
		{9D7235CC-E56F-4D78-B9DF-DE677F68DF04}.Debug|x64.Build.0 = Debug|x64
		{9D7235CC-E56F-4D78-B9DF-DE677F68DF04}.Debug|x86.ActiveCfg = Debug|Win32
		{9D7235CC-E56F-4D78-B9DF-DE677F68DF04}.Debug|x86.Build.0 = Debug|Win32
		{9D7235CC-E56F-4D78-B9DF-DE677F68DF04}.Release|Any CPU.ActiveCfg = Release|Win32
		{9D7235CC-E56F-4D78-B9DF-DE677F68DF04}.Release|x64.ActiveCfg = Release|x64
		{9D7235CC-E56F-4D78-B9DF-DE677F68DF04}.Release|x64.Build.0 = Release|x64
		{9D7235CC-E56F-4D78-B9DF-DE677F68DF04}.Release|x86.ActiveCfg = Release|Win32
		{9D7235CC-E56F-4D78-B9DF-DE677F68DF04}.Release|x86.Build.0 = Release|Win32
		{9B661EF2-984E-41B9-A0AA-7F73F4931B12}.Debug|Any CPU.ActiveCfg = Debug|Win32
		{9B661EF2-984E-41B9-A0AA-7F73F4931B12}.Debug|x64.ActiveCfg = Debug|x64
		{9B661EF2-984E-41B9-A0AA-7F73F4931B12}.Debug|x64.Build.0 = Debug|x64
		{9B661EF2-984E-41B9-A0AA-7F73F4931B12}.Debug|x86.ActiveCfg = Debug|Win32
		{9B661EF2-984E-41B9-A0AA-7F73F4931B12}.Debug|x86.Build.0 = Debug|Win32
		{9B661EF2-984E-41B9-A0AA-7F73F4931B12}.Release|Any CPU.ActiveCfg = Release|Win32
		{9B661EF2-984E-41B9-A0AA-7F73F4931B12}.Release|x64.ActiveCfg = Release|x64
		{9B661EF2-984E-41B9-A0AA-7F73F4931B12}.Release|x64.Build.0 = Release|x64
		{9B661EF2-984E-41B9-A0AA-7F73F4931B12}.Release|x86.ActiveCfg = Release|Win32
		{9B661EF2-984E-41B9-A0AA-7F73F4931B12}.Release|x86.Build.0 = Release|Win32
		{20CAD2D5-3737-42F9-850B-A93A4AE8AF4E}.Debug|Any CPU.ActiveCfg = Debug|Win32
		{20CAD2D5-3737-42F9-850B-A93A4AE8AF4E}.Debug|x64.ActiveCfg = Debug|x64
		{20CAD2D5-3737-42F9-850B-A93A4AE8AF4E}.Debug|x64.Build.0 = Debug|x64
		{20CAD2D5-3737-42F9-850B-A93A4AE8AF4E}.Debug|x86.ActiveCfg = Debug|Win32
		{20CAD2D5-3737-42F9-850B-A93A4AE8AF4E}.Debug|x86.Build.0 = Debug|Win32
		{20CAD2D5-3737-42F9-850B-A93A4AE8AF4E}.Release|Any CPU.ActiveCfg = Release|Win32
		{20CAD2D5-3737-42F9-850B-A93A4AE8AF4E}.Release|x64.ActiveCfg = Release|x64
		{20CAD2D5-3737-42F9-850B-A93A4AE8AF4E}.Release|x64.Build.0 = Release|x64
		{20CAD2D5-3737-42F9-850B-A93A4AE8AF4E}.Release|x86.ActiveCfg = Release|Win32
		{20CAD2D5-3737-42F9-850B-A93A4AE8AF4E}.Release|x86.Build.0 = Release|Win32
		{0A2FC020-F433-4013-9F62-F86311BAE582}.Debug|Any CPU.ActiveCfg = Debug|Any CPU
		{0A2FC020-F433-4013-9F62-F86311BAE582}.Debug|Any CPU.Build.0 = Debug|Any CPU
		{0A2FC020-F433-4013-9F62-F86311BAE582}.Debug|x64.ActiveCfg = Debug|Any CPU
		{0A2FC020-F433-4013-9F62-F86311BAE582}.Debug|x64.Build.0 = Debug|Any CPU
		{0A2FC020-F433-4013-9F62-F86311BAE582}.Debug|x86.ActiveCfg = Debug|Any CPU
		{0A2FC020-F433-4013-9F62-F86311BAE582}.Debug|x86.Build.0 = Debug|Any CPU
		{0A2FC020-F433-4013-9F62-F86311BAE582}.Release|Any CPU.ActiveCfg = Release|Any CPU
		{0A2FC020-F433-4013-9F62-F86311BAE582}.Release|Any CPU.Build.0 = Release|Any CPU
		{0A2FC020-F433-4013-9F62-F86311BAE582}.Release|x64.ActiveCfg = Release|Any CPU
		{0A2FC020-F433-4013-9F62-F86311BAE582}.Release|x64.Build.0 = Release|Any CPU
		{0A2FC020-F433-4013-9F62-F86311BAE582}.Release|x86.ActiveCfg = Release|Any CPU
		{0A2FC020-F433-4013-9F62-F86311BAE582}.Release|x86.Build.0 = Release|Any CPU
		{6B54EE5C-E955-445A-AB88-64D7B5CCEBC1}.Debug|Any CPU.ActiveCfg = Debug|Win32
		{6B54EE5C-E955-445A-AB88-64D7B5CCEBC1}.Debug|x64.ActiveCfg = Debug|x64
		{6B54EE5C-E955-445A-AB88-64D7B5CCEBC1}.Debug|x64.Build.0 = Debug|x64
		{6B54EE5C-E955-445A-AB88-64D7B5CCEBC1}.Debug|x86.ActiveCfg = Debug|Win32
		{6B54EE5C-E955-445A-AB88-64D7B5CCEBC1}.Debug|x86.Build.0 = Debug|Win32
		{6B54EE5C-E955-445A-AB88-64D7B5CCEBC1}.Release|Any CPU.ActiveCfg = Release|Win32
		{6B54EE5C-E955-445A-AB88-64D7B5CCEBC1}.Release|x64.ActiveCfg = Release|x64
		{6B54EE5C-E955-445A-AB88-64D7B5CCEBC1}.Release|x64.Build.0 = Release|x64
		{6B54EE5C-E955-445A-AB88-64D7B5CCEBC1}.Release|x86.ActiveCfg = Release|Win32
		{6B54EE5C-E955-445A-AB88-64D7B5CCEBC1}.Release|x86.Build.0 = Release|Win32
		{EE283EFB-607B-492B-89B9-418F62E04F87}.Debug|Any CPU.ActiveCfg = Debug|Any CPU
		{EE283EFB-607B-492B-89B9-418F62E04F87}.Debug|Any CPU.Build.0 = Debug|Any CPU
		{EE283EFB-607B-492B-89B9-418F62E04F87}.Debug|x64.ActiveCfg = Debug|Any CPU
		{EE283EFB-607B-492B-89B9-418F62E04F87}.Debug|x64.Build.0 = Debug|Any CPU
		{EE283EFB-607B-492B-89B9-418F62E04F87}.Debug|x86.ActiveCfg = Debug|Any CPU
		{EE283EFB-607B-492B-89B9-418F62E04F87}.Debug|x86.Build.0 = Debug|Any CPU
		{EE283EFB-607B-492B-89B9-418F62E04F87}.Release|Any CPU.ActiveCfg = Release|Any CPU
		{EE283EFB-607B-492B-89B9-418F62E04F87}.Release|Any CPU.Build.0 = Release|Any CPU
		{EE283EFB-607B-492B-89B9-418F62E04F87}.Release|x64.ActiveCfg = Release|Any CPU
		{EE283EFB-607B-492B-89B9-418F62E04F87}.Release|x64.Build.0 = Release|Any CPU
		{EE283EFB-607B-492B-89B9-418F62E04F87}.Release|x86.ActiveCfg = Release|Any CPU
		{EE283EFB-607B-492B-89B9-418F62E04F87}.Release|x86.Build.0 = Release|Any CPU
	EndGlobalSection
	GlobalSection(SolutionProperties) = preSolution
		HideSolutionNode = FALSE
	EndGlobalSection
	GlobalSection(ExtensibilityGlobals) = postSolution
		SolutionGuid = {4FDA8273-1689-4551-9CA2-DA2437A1E92F}
	EndGlobalSection
EndGlobal
