
Microsoft Visual Studio Solution File, Format Version 12.00
# Visual Studio 15
VisualStudioVersion = 15.0.28307.421
MinimumVisualStudioVersion = 10.0.40219.1
Project("{FAE04EC0-301F-11D3-BF4B-00C04F79EFBC}") = "HelloService", "HelloService\HelloService.csproj", "{1FA537C8-CEFD-4650-A385-C99D12875A1F}"
EndProject
Project("{FAE04EC0-301F-11D3-BF4B-00C04F79EFBC}") = "HelloServiceHost", "HelloServiceHost\HelloServiceHost.csproj", "{B4AE6FB4-D5F1-4A01-9AB1-3C41D4FB41DA}"
EndProject
Global
	GlobalSection(SolutionConfigurationPlatforms) = preSolution
		Debug|Any CPU = Debug|Any CPU
		Release|Any CPU = Release|Any CPU
	EndGlobalSection
	GlobalSection(ProjectConfigurationPlatforms) = postSolution
		{1FA537C8-CEFD-4650-A385-C99D12875A1F}.Debug|Any CPU.ActiveCfg = Debug|Any CPU
		{1FA537C8-CEFD-4650-A385-C99D12875A1F}.Debug|Any CPU.Build.0 = Debug|Any CPU
		{1FA537C8-CEFD-4650-A385-C99D12875A1F}.Release|Any CPU.ActiveCfg = Release|Any CPU
		{1FA537C8-CEFD-4650-A385-C99D12875A1F}.Release|Any CPU.Build.0 = Release|Any CPU
		{B4AE6FB4-D5F1-4A01-9AB1-3C41D4FB41DA}.Debug|Any CPU.ActiveCfg = Debug|Any CPU
		{B4AE6FB4-D5F1-4A01-9AB1-3C41D4FB41DA}.Debug|Any CPU.Build.0 = Debug|Any CPU
		{B4AE6FB4-D5F1-4A01-9AB1-3C41D4FB41DA}.Release|Any CPU.ActiveCfg = Release|Any CPU
		{B4AE6FB4-D5F1-4A01-9AB1-3C41D4FB41DA}.Release|Any CPU.Build.0 = Release|Any CPU
	EndGlobalSection
	GlobalSection(SolutionProperties) = preSolution
		HideSolutionNode = FALSE
	EndGlobalSection
	GlobalSection(ExtensibilityGlobals) = postSolution
		SolutionGuid = {EEA58050-B05B-4682-AF2F-4D27EC92F999}
	EndGlobalSection
EndGlobal
