
Microsoft Visual Studio Solution File, Format Version 12.00
# Visual Studio 15
VisualStudioVersion = 15.0.26730.16
MinimumVisualStudioVersion = 10.0.40219.1
Project("{FAE04EC0-301F-11D3-BF4B-00C04F79EFBC}") = "MnistReader", "MnistReader\MnistReader.csproj", "{A5635CC3-16A5-4171-8E5B-79CF0ABC4851}"
EndProject
Project("{FAE04EC0-301F-11D3-BF4B-00C04F79EFBC}") = "WriteableBitmapImageDisplayer", "WriteableBitmapImageDisplayer\WriteableBitmapImageDisplayer.csproj", "{28AEAC61-7511-454D-8C03-742ACE2A00E1}"
EndProject
Global
	GlobalSection(SolutionConfigurationPlatforms) = preSolution
		Debug|Any CPU = Debug|Any CPU
		Release|Any CPU = Release|Any CPU
	EndGlobalSection
	GlobalSection(ProjectConfigurationPlatforms) = postSolution
		{A5635CC3-16A5-4171-8E5B-79CF0ABC4851}.Debug|Any CPU.ActiveCfg = Debug|Any CPU
		{A5635CC3-16A5-4171-8E5B-79CF0ABC4851}.Debug|Any CPU.Build.0 = Debug|Any CPU
		{A5635CC3-16A5-4171-8E5B-79CF0ABC4851}.Release|Any CPU.ActiveCfg = Release|Any CPU
		{A5635CC3-16A5-4171-8E5B-79CF0ABC4851}.Release|Any CPU.Build.0 = Release|Any CPU
		{28AEAC61-7511-454D-8C03-742ACE2A00E1}.Debug|Any CPU.ActiveCfg = Debug|Any CPU
		{28AEAC61-7511-454D-8C03-742ACE2A00E1}.Debug|Any CPU.Build.0 = Debug|Any CPU
		{28AEAC61-7511-454D-8C03-742ACE2A00E1}.Release|Any CPU.ActiveCfg = Release|Any CPU
		{28AEAC61-7511-454D-8C03-742ACE2A00E1}.Release|Any CPU.Build.0 = Release|Any CPU
	EndGlobalSection
	GlobalSection(SolutionProperties) = preSolution
		HideSolutionNode = FALSE
	EndGlobalSection
	GlobalSection(ExtensibilityGlobals) = postSolution
		SolutionGuid = {7BAEEE9A-9403-4F0F-9FF3-BD2784645FC0}
	EndGlobalSection
EndGlobal
