
Microsoft Visual Studio Solution File, Format Version 12.00
# Visual Studio 15
VisualStudioVersion = 15.0.26730.16
MinimumVisualStudioVersion = 10.0.40219.1
Project("{FAE04EC0-301F-11D3-BF4B-00C04F79EFBC}") = "ConsoleServer", "ConsoleServer\ConsoleServer.csproj", "{98F69E67-EA3D-49BB-A3D2-09DEE7B2D587}"
EndProject
Project("{FAE04EC0-301F-11D3-BF4B-00C04F79EFBC}") = "TcpConnectorLibrary", "TcpConnectorLibrary\TcpConnectorLibrary.csproj", "{A70CE759-E520-4F57-AB1A-D89B89B24665}"
EndProject
Project("{FAE04EC0-301F-11D3-BF4B-00C04F79EFBC}") = "ConsoleClient", "ConsoleClient\ConsoleClient.csproj", "{615B81D2-FFF1-4FC7-A7CC-626CF49126D1}"
EndProject
Global
	GlobalSection(SolutionConfigurationPlatforms) = preSolution
		Debug|Any CPU = Debug|Any CPU
		Release|Any CPU = Release|Any CPU
	EndGlobalSection
	GlobalSection(ProjectConfigurationPlatforms) = postSolution
		{98F69E67-EA3D-49BB-A3D2-09DEE7B2D587}.Debug|Any CPU.ActiveCfg = Debug|Any CPU
		{98F69E67-EA3D-49BB-A3D2-09DEE7B2D587}.Debug|Any CPU.Build.0 = Debug|Any CPU
		{98F69E67-EA3D-49BB-A3D2-09DEE7B2D587}.Release|Any CPU.ActiveCfg = Release|Any CPU
		{98F69E67-EA3D-49BB-A3D2-09DEE7B2D587}.Release|Any CPU.Build.0 = Release|Any CPU
		{A70CE759-E520-4F57-AB1A-D89B89B24665}.Debug|Any CPU.ActiveCfg = Debug|Any CPU
		{A70CE759-E520-4F57-AB1A-D89B89B24665}.Debug|Any CPU.Build.0 = Debug|Any CPU
		{A70CE759-E520-4F57-AB1A-D89B89B24665}.Release|Any CPU.ActiveCfg = Release|Any CPU
		{A70CE759-E520-4F57-AB1A-D89B89B24665}.Release|Any CPU.Build.0 = Release|Any CPU
		{615B81D2-FFF1-4FC7-A7CC-626CF49126D1}.Debug|Any CPU.ActiveCfg = Debug|Any CPU
		{615B81D2-FFF1-4FC7-A7CC-626CF49126D1}.Debug|Any CPU.Build.0 = Debug|Any CPU
		{615B81D2-FFF1-4FC7-A7CC-626CF49126D1}.Release|Any CPU.ActiveCfg = Release|Any CPU
		{615B81D2-FFF1-4FC7-A7CC-626CF49126D1}.Release|Any CPU.Build.0 = Release|Any CPU
	EndGlobalSection
	GlobalSection(SolutionProperties) = preSolution
		HideSolutionNode = FALSE
	EndGlobalSection
	GlobalSection(ExtensibilityGlobals) = postSolution
		SolutionGuid = {10FDEE01-19ED-49E9-917A-54A0FF529433}
	EndGlobalSection
EndGlobal
